
Microsoft Visual Studio Solution File, Format Version 12.00
# Visual Studio 15
VisualStudioVersion = 15.0.28307.168
MinimumVisualStudioVersion = 10.0.40219.1
Project("{FAE04EC0-301F-11D3-BF4B-00C04F79EFBC}") = "SmartSharing", "SmartSharing\SmartSharing.csproj", "{2A2DC9FF-B006-4DD9-9FF7-68A021317869}"
EndProject
Global
	GlobalSection(SolutionConfigurationPlatforms) = preSolution
		Debug|Any CPU = Debug|Any CPU
		Release|Any CPU = Release|Any CPU
	EndGlobalSection
	GlobalSection(ProjectConfigurationPlatforms) = postSolution
		{2A2DC9FF-B006-4DD9-9FF7-68A021317869}.Debug|Any CPU.ActiveCfg = Debug|Any CPU
		{2A2DC9FF-B006-4DD9-9FF7-68A021317869}.Debug|Any CPU.Build.0 = Debug|Any CPU
		{2A2DC9FF-B006-4DD9-9FF7-68A021317869}.Release|Any CPU.ActiveCfg = Release|Any CPU
		{2A2DC9FF-B006-4DD9-9FF7-68A021317869}.Release|Any CPU.Build.0 = Release|Any CPU
	EndGlobalSection
	GlobalSection(SolutionProperties) = preSolution
		HideSolutionNode = FALSE
	EndGlobalSection
	GlobalSection(ExtensibilityGlobals) = postSolution
		SolutionGuid = {E9B96E53-1ADE-4580-BE47-B90518770AF5}
	EndGlobalSection
EndGlobal
